
Microsoft Visual Studio Solution File, Format Version 12.00
# Visual Studio Version 17
VisualStudioVersion = 17.5.33516.290
MinimumVisualStudioVersion = 10.0.40219.1
Project("{FAE04EC0-301F-11D3-BF4B-00C04F79EFBC}") = "OnlineMovieStoreAPI", "OnlineMovieStoreAPI\OnlineMovieStoreAPI.csproj", "{6CBA8CBA-6704-45FD-AA20-FED0B6E69558}"
EndProject
Project("{FAE04EC0-301F-11D3-BF4B-00C04F79EFBC}") = "OnlineMovieStore.Entities", "OnlineMovieStore.Entities\OnlineMovieStore.Entities.csproj", "{6740A3F8-E37B-4DC8-9710-4A3149640549}"
EndProject
Global
	GlobalSection(SolutionConfigurationPlatforms) = preSolution
		Debug|Any CPU = Debug|Any CPU
		Release|Any CPU = Release|Any CPU
	EndGlobalSection
	GlobalSection(ProjectConfigurationPlatforms) = postSolution
		{6CBA8CBA-6704-45FD-AA20-FED0B6E69558}.Debug|Any CPU.ActiveCfg = Debug|Any CPU
		{6CBA8CBA-6704-45FD-AA20-FED0B6E69558}.Debug|Any CPU.Build.0 = Debug|Any CPU
		{6CBA8CBA-6704-45FD-AA20-FED0B6E69558}.Release|Any CPU.ActiveCfg = Release|Any CPU
		{6CBA8CBA-6704-45FD-AA20-FED0B6E69558}.Release|Any CPU.Build.0 = Release|Any CPU
		{6740A3F8-E37B-4DC8-9710-4A3149640549}.Debug|Any CPU.ActiveCfg = Debug|Any CPU
		{6740A3F8-E37B-4DC8-9710-4A3149640549}.Debug|Any CPU.Build.0 = Debug|Any CPU
		{6740A3F8-E37B-4DC8-9710-4A3149640549}.Release|Any CPU.ActiveCfg = Release|Any CPU
		{6740A3F8-E37B-4DC8-9710-4A3149640549}.Release|Any CPU.Build.0 = Release|Any CPU
	EndGlobalSection
	GlobalSection(SolutionProperties) = preSolution
		HideSolutionNode = FALSE
	EndGlobalSection
	GlobalSection(ExtensibilityGlobals) = postSolution
		SolutionGuid = {09BF2472-42EE-4B9D-96D8-031CA5EAB222}
	EndGlobalSection
EndGlobal
